// !$*UTF8*$!
{
	archiveVersion = 1;
	classes = {
	};
	objectVersion = 50;
	objects = {

/* Begin PBXBuildFile section */
		0DB7ACD93C2DA266EE3D90D4 /* Pods_Flight_TrackerTests.framework in Frameworks */ = {isa = PBXBuildFile; fileRef = 28F9F7F2CD2EE0C6C9CB41ED /* Pods_Flight_TrackerTests.framework */; };
		B6BB6A7F95D186F6594DD84C /* Pods_Flight_Tracker_Flight_TrackerUITests.framework in Frameworks */ = {isa = PBXBuildFile; fileRef = 54E25D5D237FC4618317AF66 /* Pods_Flight_Tracker_Flight_TrackerUITests.framework */; };
		D04195D6235AC89A00714A72 /* AppDelegate.swift in Sources */ = {isa = PBXBuildFile; fileRef = D04195D5235AC89A00714A72 /* AppDelegate.swift */; };
		D04195D8235AC89A00714A72 /* art.scnassets in Resources */ = {isa = PBXBuildFile; fileRef = D04195D7235AC89A00714A72 /* art.scnassets */; };
		D04195DA235AC89A00714A72 /* ViewController.swift in Sources */ = {isa = PBXBuildFile; fileRef = D04195D9235AC89A00714A72 /* ViewController.swift */; };
		D04195DD235AC89A00714A72 /* Main.storyboard in Resources */ = {isa = PBXBuildFile; fileRef = D04195DB235AC89A00714A72 /* Main.storyboard */; };
		D04195DF235AC89D00714A72 /* Assets.xcassets in Resources */ = {isa = PBXBuildFile; fileRef = D04195DE235AC89D00714A72 /* Assets.xcassets */; };
		D04195E2235AC89D00714A72 /* LaunchScreen.storyboard in Resources */ = {isa = PBXBuildFile; fileRef = D04195E0235AC89D00714A72 /* LaunchScreen.storyboard */; };
		D04195ED235AC89D00714A72 /* Flight_TrackerTests.swift in Sources */ = {isa = PBXBuildFile; fileRef = D04195EC235AC89D00714A72 /* Flight_TrackerTests.swift */; };
		D04195F8235AC89D00714A72 /* Flight_TrackerUITests.swift in Sources */ = {isa = PBXBuildFile; fileRef = D04195F7235AC89D00714A72 /* Flight_TrackerUITests.swift */; };
		D0419614235AE43A00714A72 /* Files.swift in Sources */ = {isa = PBXBuildFile; fileRef = D0419613235AE43A00714A72 /* Files.swift */; };
		D0419617235AE46B00714A72 /* airlines.txt in Resources */ = {isa = PBXBuildFile; fileRef = D0419616235AE46B00714A72 /* airlines.txt */; };
		D041961B235AE61B00714A72 /* airports.txt in Resources */ = {isa = PBXBuildFile; fileRef = D041961A235AE61B00714A72 /* airports.txt */; };
		D041961D235AE65A00714A72 /* Flight.swift in Sources */ = {isa = PBXBuildFile; fileRef = D041961C235AE65A00714A72 /* Flight.swift */; };
		D0419621235AE72500714A72 /* Airport.swift in Sources */ = {isa = PBXBuildFile; fileRef = D0419620235AE72500714A72 /* Airport.swift */; };
		D909F399E6BBAC0DEB028C16 /* Pods_Flight_Tracker.framework in Frameworks */ = {isa = PBXBuildFile; fileRef = 8F28A140B84988C59EBA31F2 /* Pods_Flight_Tracker.framework */; };
/* End PBXBuildFile section */

/* Begin PBXContainerItemProxy section */
		D04195E9235AC89D00714A72 /* PBXContainerItemProxy */ = {
			isa = PBXContainerItemProxy;
			containerPortal = D04195CA235AC89A00714A72 /* Project object */;
			proxyType = 1;
			remoteGlobalIDString = D04195D1235AC89A00714A72;
			remoteInfo = "Flight Tracker";
		};
		D04195F4235AC89D00714A72 /* PBXContainerItemProxy */ = {
			isa = PBXContainerItemProxy;
			containerPortal = D04195CA235AC89A00714A72 /* Project object */;
			proxyType = 1;
			remoteGlobalIDString = D04195D1235AC89A00714A72;
			remoteInfo = "Flight Tracker";
		};
/* End PBXContainerItemProxy section */

/* Begin PBXFileReference section */
		1D2916A558DFF75E36E91B14 /* Pods-Flight Tracker-Flight TrackerUITests.release.xcconfig */ = {isa = PBXFileReference; includeInIndex = 1; lastKnownFileType = text.xcconfig; name = "Pods-Flight Tracker-Flight TrackerUITests.release.xcconfig"; path = "Target Support Files/Pods-Flight Tracker-Flight TrackerUITests/Pods-Flight Tracker-Flight TrackerUITests.release.xcconfig"; sourceTree = "<group>"; };
		25CEC7F962FC13DC839E2469 /* Pods-Flight Tracker-Flight TrackerUITests.debug.xcconfig */ = {isa = PBXFileReference; includeInIndex = 1; lastKnownFileType = text.xcconfig; name = "Pods-Flight Tracker-Flight TrackerUITests.debug.xcconfig"; path = "Target Support Files/Pods-Flight Tracker-Flight TrackerUITests/Pods-Flight Tracker-Flight TrackerUITests.debug.xcconfig"; sourceTree = "<group>"; };
		28F9F7F2CD2EE0C6C9CB41ED /* Pods_Flight_TrackerTests.framework */ = {isa = PBXFileReference; explicitFileType = wrapper.framework; includeInIndex = 0; path = Pods_Flight_TrackerTests.framework; sourceTree = BUILT_PRODUCTS_DIR; };
		4E069BFD47875A2298CAF2DE /* Pods-Flight Tracker.release.xcconfig */ = {isa = PBXFileReference; includeInIndex = 1; lastKnownFileType = text.xcconfig; name = "Pods-Flight Tracker.release.xcconfig"; path = "Target Support Files/Pods-Flight Tracker/Pods-Flight Tracker.release.xcconfig"; sourceTree = "<group>"; };
		54E25D5D237FC4618317AF66 /* Pods_Flight_Tracker_Flight_TrackerUITests.framework */ = {isa = PBXFileReference; explicitFileType = wrapper.framework; includeInIndex = 0; path = Pods_Flight_Tracker_Flight_TrackerUITests.framework; sourceTree = BUILT_PRODUCTS_DIR; };
		6EA4E60B2981D459D9A58DB8 /* Pods-Flight TrackerTests.release.xcconfig */ = {isa = PBXFileReference; includeInIndex = 1; lastKnownFileType = text.xcconfig; name = "Pods-Flight TrackerTests.release.xcconfig"; path = "Target Support Files/Pods-Flight TrackerTests/Pods-Flight TrackerTests.release.xcconfig"; sourceTree = "<group>"; };
		8F28A140B84988C59EBA31F2 /* Pods_Flight_Tracker.framework */ = {isa = PBXFileReference; explicitFileType = wrapper.framework; includeInIndex = 0; path = Pods_Flight_Tracker.framework; sourceTree = BUILT_PRODUCTS_DIR; };
		D04195D2235AC89A00714A72 /* Flight Tracker.app */ = {isa = PBXFileReference; explicitFileType = wrapper.application; includeInIndex = 0; path = "Flight Tracker.app"; sourceTree = BUILT_PRODUCTS_DIR; };
		D04195D5235AC89A00714A72 /* AppDelegate.swift */ = {isa = PBXFileReference; lastKnownFileType = sourcecode.swift; path = AppDelegate.swift; sourceTree = "<group>"; };
		D04195D7235AC89A00714A72 /* art.scnassets */ = {isa = PBXFileReference; lastKnownFileType = wrapper.scnassets; path = art.scnassets; sourceTree = "<group>"; };
		D04195D9235AC89A00714A72 /* ViewController.swift */ = {isa = PBXFileReference; lastKnownFileType = sourcecode.swift; path = ViewController.swift; sourceTree = "<group>"; };
		D04195DC235AC89A00714A72 /* Base */ = {isa = PBXFileReference; lastKnownFileType = file.storyboard; name = Base; path = Base.lproj/Main.storyboard; sourceTree = "<group>"; };
		D04195DE235AC89D00714A72 /* Assets.xcassets */ = {isa = PBXFileReference; lastKnownFileType = folder.assetcatalog; path = Assets.xcassets; sourceTree = "<group>"; };
		D04195E1235AC89D00714A72 /* Base */ = {isa = PBXFileReference; lastKnownFileType = file.storyboard; name = Base; path = Base.lproj/LaunchScreen.storyboard; sourceTree = "<group>"; };
		D04195E3235AC89D00714A72 /* Info.plist */ = {isa = PBXFileReference; lastKnownFileType = text.plist.xml; path = Info.plist; sourceTree = "<group>"; };
		D04195E8235AC89D00714A72 /* Flight TrackerTests.xctest */ = {isa = PBXFileReference; explicitFileType = wrapper.cfbundle; includeInIndex = 0; path = "Flight TrackerTests.xctest"; sourceTree = BUILT_PRODUCTS_DIR; };
		D04195EC235AC89D00714A72 /* Flight_TrackerTests.swift */ = {isa = PBXFileReference; lastKnownFileType = sourcecode.swift; path = Flight_TrackerTests.swift; sourceTree = "<group>"; };
		D04195EE235AC89D00714A72 /* Info.plist */ = {isa = PBXFileReference; lastKnownFileType = text.plist.xml; path = Info.plist; sourceTree = "<group>"; };
		D04195F3235AC89D00714A72 /* Flight TrackerUITests.xctest */ = {isa = PBXFileReference; explicitFileType = wrapper.cfbundle; includeInIndex = 0; path = "Flight TrackerUITests.xctest"; sourceTree = BUILT_PRODUCTS_DIR; };
		D04195F7235AC89D00714A72 /* Flight_TrackerUITests.swift */ = {isa = PBXFileReference; lastKnownFileType = sourcecode.swift; path = Flight_TrackerUITests.swift; sourceTree = "<group>"; };
		D04195F9235AC89D00714A72 /* Info.plist */ = {isa = PBXFileReference; lastKnownFileType = text.plist.xml; path = Info.plist; sourceTree = "<group>"; };
		D0419613235AE43A00714A72 /* Files.swift */ = {isa = PBXFileReference; lastKnownFileType = sourcecode.swift; path = Files.swift; sourceTree = "<group>"; };
		D0419616235AE46B00714A72 /* airlines.txt */ = {isa = PBXFileReference; fileEncoding = 4; lastKnownFileType = text; path = airlines.txt; sourceTree = "<group>"; };
		D041961A235AE61B00714A72 /* airports.txt */ = {isa = PBXFileReference; fileEncoding = 4; lastKnownFileType = text; path = airports.txt; sourceTree = "<group>"; };
		D041961C235AE65A00714A72 /* Flight.swift */ = {isa = PBXFileReference; lastKnownFileType = sourcecode.swift; path = Flight.swift; sourceTree = "<group>"; };
		D0419620235AE72500714A72 /* Airport.swift */ = {isa = PBXFileReference; lastKnownFileType = sourcecode.swift; path = Airport.swift; sourceTree = "<group>"; };
		D78E72B63A3CB74DEAD5787D /* Pods-Flight TrackerTests.debug.xcconfig */ = {isa = PBXFileReference; includeInIndex = 1; lastKnownFileType = text.xcconfig; name = "Pods-Flight TrackerTests.debug.xcconfig"; path = "Target Support Files/Pods-Flight TrackerTests/Pods-Flight TrackerTests.debug.xcconfig"; sourceTree = "<group>"; };
		FEAFF393AED3AAEE8B7A9C47 /* Pods-Flight Tracker.debug.xcconfig */ = {isa = PBXFileReference; includeInIndex = 1; lastKnownFileType = text.xcconfig; name = "Pods-Flight Tracker.debug.xcconfig"; path = "Target Support Files/Pods-Flight Tracker/Pods-Flight Tracker.debug.xcconfig"; sourceTree = "<group>"; };
/* End PBXFileReference section */

/* Begin PBXFrameworksBuildPhase section */
		D04195CF235AC89A00714A72 /* Frameworks */ = {
			isa = PBXFrameworksBuildPhase;
			buildActionMask = 2147483647;
			files = (
				D909F399E6BBAC0DEB028C16 /* Pods_Flight_Tracker.framework in Frameworks */,
			);
			runOnlyForDeploymentPostprocessing = 0;
		};
		D04195E5235AC89D00714A72 /* Frameworks */ = {
			isa = PBXFrameworksBuildPhase;
			buildActionMask = 2147483647;
			files = (
				0DB7ACD93C2DA266EE3D90D4 /* Pods_Flight_TrackerTests.framework in Frameworks */,
			);
			runOnlyForDeploymentPostprocessing = 0;
		};
		D04195F0235AC89D00714A72 /* Frameworks */ = {
			isa = PBXFrameworksBuildPhase;
			buildActionMask = 2147483647;
			files = (
				B6BB6A7F95D186F6594DD84C /* Pods_Flight_Tracker_Flight_TrackerUITests.framework in Frameworks */,
			);
			runOnlyForDeploymentPostprocessing = 0;
		};
/* End PBXFrameworksBuildPhase section */

/* Begin PBXGroup section */
		5A507965599B202F51E0F664 /* Pods */ = {
			isa = PBXGroup;
			children = (
				FEAFF393AED3AAEE8B7A9C47 /* Pods-Flight Tracker.debug.xcconfig */,
				4E069BFD47875A2298CAF2DE /* Pods-Flight Tracker.release.xcconfig */,
				25CEC7F962FC13DC839E2469 /* Pods-Flight Tracker-Flight TrackerUITests.debug.xcconfig */,
				1D2916A558DFF75E36E91B14 /* Pods-Flight Tracker-Flight TrackerUITests.release.xcconfig */,
				D78E72B63A3CB74DEAD5787D /* Pods-Flight TrackerTests.debug.xcconfig */,
				6EA4E60B2981D459D9A58DB8 /* Pods-Flight TrackerTests.release.xcconfig */,
			);
			name = Pods;
			path = Pods;
			sourceTree = "<group>";
		};
		D04195C9235AC89A00714A72 = {
			isa = PBXGroup;
			children = (
				D041961A235AE61B00714A72 /* airports.txt */,
				D04195D4235AC89A00714A72 /* Flight Tracker */,
				D04195EB235AC89D00714A72 /* Flight TrackerTests */,
				D04195F6235AC89D00714A72 /* Flight TrackerUITests */,
				D04195D3235AC89A00714A72 /* Products */,
				5A507965599B202F51E0F664 /* Pods */,
				ED96E5BB0327AE56A9D00DF6 /* Frameworks */,
			);
			sourceTree = "<group>";
		};
		D04195D3235AC89A00714A72 /* Products */ = {
			isa = PBXGroup;
			children = (
				D04195D2235AC89A00714A72 /* Flight Tracker.app */,
				D04195E8235AC89D00714A72 /* Flight TrackerTests.xctest */,
				D04195F3235AC89D00714A72 /* Flight TrackerUITests.xctest */,
			);
			name = Products;
			sourceTree = "<group>";
		};
		D04195D4235AC89A00714A72 /* Flight Tracker */ = {
			isa = PBXGroup;
			children = (
				D0419615235AE45E00714A72 /* Files */,
				D0419605235AC91A00714A72 /* Models */,
				D04195D5235AC89A00714A72 /* AppDelegate.swift */,
				D04195D7235AC89A00714A72 /* art.scnassets */,
				D04195DB235AC89A00714A72 /* Main.storyboard */,
				D04195D9235AC89A00714A72 /* ViewController.swift */,
				D04195DE235AC89D00714A72 /* Assets.xcassets */,
				D04195E0235AC89D00714A72 /* LaunchScreen.storyboard */,
				D04195E3235AC89D00714A72 /* Info.plist */,
				D0419613235AE43A00714A72 /* Files.swift */,
				D041961C235AE65A00714A72 /* Flight.swift */,
				D0419620235AE72500714A72 /* Airport.swift */,
			);
			path = "Flight Tracker";
			sourceTree = "<group>";
		};
		D04195EB235AC89D00714A72 /* Flight TrackerTests */ = {
			isa = PBXGroup;
			children = (
				D04195EC235AC89D00714A72 /* Flight_TrackerTests.swift */,
				D04195EE235AC89D00714A72 /* Info.plist */,
			);
			path = "Flight TrackerTests";
			sourceTree = "<group>";
		};
		D04195F6235AC89D00714A72 /* Flight TrackerUITests */ = {
			isa = PBXGroup;
			children = (
				D04195F7235AC89D00714A72 /* Flight_TrackerUITests.swift */,
				D04195F9235AC89D00714A72 /* Info.plist */,
			);
			path = "Flight TrackerUITests";
			sourceTree = "<group>";
		};
		D0419605235AC91A00714A72 /* Models */ = {
			isa = PBXGroup;
			children = (
			);
			path = Models;
			sourceTree = "<group>";
		};
		D0419615235AE45E00714A72 /* Files */ = {
			isa = PBXGroup;
			children = (
				D0419616235AE46B00714A72 /* airlines.txt */,
			);
			path = Files;
			sourceTree = "<group>";
		};
		ED96E5BB0327AE56A9D00DF6 /* Frameworks */ = {
			isa = PBXGroup;
			children = (
				8F28A140B84988C59EBA31F2 /* Pods_Flight_Tracker.framework */,
				54E25D5D237FC4618317AF66 /* Pods_Flight_Tracker_Flight_TrackerUITests.framework */,
				28F9F7F2CD2EE0C6C9CB41ED /* Pods_Flight_TrackerTests.framework */,
			);
			name = Frameworks;
			sourceTree = "<group>";
		};
/* End PBXGroup section */

/* Begin PBXNativeTarget section */
		D04195D1235AC89A00714A72 /* Flight Tracker */ = {
			isa = PBXNativeTarget;
			buildConfigurationList = D04195FC235AC89D00714A72 /* Build configuration list for PBXNativeTarget "Flight Tracker" */;
			buildPhases = (
				7DC2DEE092120A2C7989B046 /* [CP] Check Pods Manifest.lock */,
				D04195CE235AC89A00714A72 /* Sources */,
				D04195CF235AC89A00714A72 /* Frameworks */,
				D04195D0235AC89A00714A72 /* Resources */,
				3FDFAC5E0A4E161964B78207 /* [CP] Embed Pods Frameworks */,
			);
			buildRules = (
			);
			dependencies = (
			);
			name = "Flight Tracker";
			productName = "Flight Tracker";
			productReference = D04195D2235AC89A00714A72 /* Flight Tracker.app */;
			productType = "com.apple.product-type.application";
		};
		D04195E7235AC89D00714A72 /* Flight TrackerTests */ = {
			isa = PBXNativeTarget;
			buildConfigurationList = D04195FF235AC89D00714A72 /* Build configuration list for PBXNativeTarget "Flight TrackerTests" */;
			buildPhases = (
				EDAC46C65A9AE787321FB147 /* [CP] Check Pods Manifest.lock */,
				D04195E4235AC89D00714A72 /* Sources */,
				D04195E5235AC89D00714A72 /* Frameworks */,
				D04195E6235AC89D00714A72 /* Resources */,
			);
			buildRules = (
			);
			dependencies = (
				D04195EA235AC89D00714A72 /* PBXTargetDependency */,
			);
			name = "Flight TrackerTests";
			productName = "Flight TrackerTests";
			productReference = D04195E8235AC89D00714A72 /* Flight TrackerTests.xctest */;
			productType = "com.apple.product-type.bundle.unit-test";
		};
		D04195F2235AC89D00714A72 /* Flight TrackerUITests */ = {
			isa = PBXNativeTarget;
			buildConfigurationList = D0419602235AC89D00714A72 /* Build configuration list for PBXNativeTarget "Flight TrackerUITests" */;
			buildPhases = (
				664375EC973EEC0DDDD9D5A3 /* [CP] Check Pods Manifest.lock */,
				D04195EF235AC89D00714A72 /* Sources */,
				D04195F0235AC89D00714A72 /* Frameworks */,
				D04195F1235AC89D00714A72 /* Resources */,
				65CD2337B1C3640CD900844B /* [CP] Embed Pods Frameworks */,
			);
			buildRules = (
			);
			dependencies = (
				D04195F5235AC89D00714A72 /* PBXTargetDependency */,
			);
			name = "Flight TrackerUITests";
			productName = "Flight TrackerUITests";
			productReference = D04195F3235AC89D00714A72 /* Flight TrackerUITests.xctest */;
			productType = "com.apple.product-type.bundle.ui-testing";
		};
/* End PBXNativeTarget section */

/* Begin PBXProject section */
		D04195CA235AC89A00714A72 /* Project object */ = {
			isa = PBXProject;
			attributes = {
				LastSwiftUpdateCheck = 1110;
				LastUpgradeCheck = 1110;
				ORGANIZATIONNAME = "Maxwell Hubbard";
				TargetAttributes = {
					D04195D1235AC89A00714A72 = {
						CreatedOnToolsVersion = 11.1;
					};
					D04195E7235AC89D00714A72 = {
						CreatedOnToolsVersion = 11.1;
						TestTargetID = D04195D1235AC89A00714A72;
					};
					D04195F2235AC89D00714A72 = {
						CreatedOnToolsVersion = 11.1;
						TestTargetID = D04195D1235AC89A00714A72;
					};
				};
			};
			buildConfigurationList = D04195CD235AC89A00714A72 /* Build configuration list for PBXProject "Flight Tracker" */;
			compatibilityVersion = "Xcode 9.3";
			developmentRegion = en;
			hasScannedForEncodings = 0;
			knownRegions = (
				en,
				Base,
			);
			mainGroup = D04195C9235AC89A00714A72;
			productRefGroup = D04195D3235AC89A00714A72 /* Products */;
			projectDirPath = "";
			projectRoot = "";
			targets = (
				D04195D1235AC89A00714A72 /* Flight Tracker */,
				D04195E7235AC89D00714A72 /* Flight TrackerTests */,
				D04195F2235AC89D00714A72 /* Flight TrackerUITests */,
			);
		};
/* End PBXProject section */

/* Begin PBXResourcesBuildPhase section */
		D04195D0235AC89A00714A72 /* Resources */ = {
			isa = PBXResourcesBuildPhase;
			buildActionMask = 2147483647;
			files = (
				D04195D8235AC89A00714A72 /* art.scnassets in Resources */,
				D041961B235AE61B00714A72 /* airports.txt in Resources */,
				D04195E2235AC89D00714A72 /* LaunchScreen.storyboard in Resources */,
				D04195DF235AC89D00714A72 /* Assets.xcassets in Resources */,
				D0419617235AE46B00714A72 /* airlines.txt in Resources */,
				D04195DD235AC89A00714A72 /* Main.storyboard in Resources */,
			);
			runOnlyForDeploymentPostprocessing = 0;
		};
		D04195E6235AC89D00714A72 /* Resources */ = {
			isa = PBXResourcesBuildPhase;
			buildActionMask = 2147483647;
			files = (
			);
			runOnlyForDeploymentPostprocessing = 0;
		};
		D04195F1235AC89D00714A72 /* Resources */ = {
			isa = PBXResourcesBuildPhase;
			buildActionMask = 2147483647;
			files = (
			);
			runOnlyForDeploymentPostprocessing = 0;
		};
/* End PBXResourcesBuildPhase section */

/* Begin PBXShellScriptBuildPhase section */
		3FDFAC5E0A4E161964B78207 /* [CP] Embed Pods Frameworks */ = {
			isa = PBXShellScriptBuildPhase;
			buildActionMask = 2147483647;
			files = (
			);
			inputFileListPaths = (
				"${PODS_ROOT}/Target Support Files/Pods-Flight Tracker/Pods-Flight Tracker-frameworks-${CONFIGURATION}-input-files.xcfilelist",
			);
			name = "[CP] Embed Pods Frameworks";
			outputFileListPaths = (
				"${PODS_ROOT}/Target Support Files/Pods-Flight Tracker/Pods-Flight Tracker-frameworks-${CONFIGURATION}-output-files.xcfilelist",
			);
			runOnlyForDeploymentPostprocessing = 0;
			shellPath = /bin/sh;
			shellScript = "\"${PODS_ROOT}/Target Support Files/Pods-Flight Tracker/Pods-Flight Tracker-frameworks.sh\"\n";
			showEnvVarsInLog = 0;
		};
		65CD2337B1C3640CD900844B /* [CP] Embed Pods Frameworks */ = {
			isa = PBXShellScriptBuildPhase;
			buildActionMask = 2147483647;
			files = (
			);
			inputFileListPaths = (
				"${PODS_ROOT}/Target Support Files/Pods-Flight Tracker-Flight TrackerUITests/Pods-Flight Tracker-Flight TrackerUITests-frameworks-${CONFIGURATION}-input-files.xcfilelist",
			);
			name = "[CP] Embed Pods Frameworks";
			outputFileListPaths = (
				"${PODS_ROOT}/Target Support Files/Pods-Flight Tracker-Flight TrackerUITests/Pods-Flight Tracker-Flight TrackerUITests-frameworks-${CONFIGURATION}-output-files.xcfilelist",
			);
			runOnlyForDeploymentPostprocessing = 0;
			shellPath = /bin/sh;
			shellScript = "\"${PODS_ROOT}/Target Support Files/Pods-Flight Tracker-Flight TrackerUITests/Pods-Flight Tracker-Flight TrackerUITests-frameworks.sh\"\n";
			showEnvVarsInLog = 0;
		};
		664375EC973EEC0DDDD9D5A3 /* [CP] Check Pods Manifest.lock */ = {
			isa = PBXShellScriptBuildPhase;
			buildActionMask = 2147483647;
			files = (
			);
			inputFileListPaths = (
			);
			inputPaths = (
				"${PODS_PODFILE_DIR_PATH}/Podfile.lock",
				"${PODS_ROOT}/Manifest.lock",
			);
			name = "[CP] Check Pods Manifest.lock";
			outputFileListPaths = (
			);
			outputPaths = (
				"$(DERIVED_FILE_DIR)/Pods-Flight Tracker-Flight TrackerUITests-checkManifestLockResult.txt",
			);
			runOnlyForDeploymentPostprocessing = 0;
			shellPath = /bin/sh;
			shellScript = "diff \"${PODS_PODFILE_DIR_PATH}/Podfile.lock\" \"${PODS_ROOT}/Manifest.lock\" > /dev/null\nif [ $? != 0 ] ; then\n    # print error to STDERR\n    echo \"error: The sandbox is not in sync with the Podfile.lock. Run 'pod install' or update your CocoaPods installation.\" >&2\n    exit 1\nfi\n# This output is used by Xcode 'outputs' to avoid re-running this script phase.\necho \"SUCCESS\" > \"${SCRIPT_OUTPUT_FILE_0}\"\n";
			showEnvVarsInLog = 0;
		};
		7DC2DEE092120A2C7989B046 /* [CP] Check Pods Manifest.lock */ = {
			isa = PBXShellScriptBuildPhase;
			buildActionMask = 2147483647;
			files = (
			);
			inputFileListPaths = (
			);
			inputPaths = (
				"${PODS_PODFILE_DIR_PATH}/Podfile.lock",
				"${PODS_ROOT}/Manifest.lock",
			);
			name = "[CP] Check Pods Manifest.lock";
			outputFileListPaths = (
			);
			outputPaths = (
				"$(DERIVED_FILE_DIR)/Pods-Flight Tracker-checkManifestLockResult.txt",
			);
			runOnlyForDeploymentPostprocessing = 0;
			shellPath = /bin/sh;
			shellScript = "diff \"${PODS_PODFILE_DIR_PATH}/Podfile.lock\" \"${PODS_ROOT}/Manifest.lock\" > /dev/null\nif [ $? != 0 ] ; then\n    # print error to STDERR\n    echo \"error: The sandbox is not in sync with the Podfile.lock. Run 'pod install' or update your CocoaPods installation.\" >&2\n    exit 1\nfi\n# This output is used by Xcode 'outputs' to avoid re-running this script phase.\necho \"SUCCESS\" > \"${SCRIPT_OUTPUT_FILE_0}\"\n";
			showEnvVarsInLog = 0;
		};
		EDAC46C65A9AE787321FB147 /* [CP] Check Pods Manifest.lock */ = {
			isa = PBXShellScriptBuildPhase;
			buildActionMask = 2147483647;
			files = (
			);
			inputFileListPaths = (
			);
			inputPaths = (
				"${PODS_PODFILE_DIR_PATH}/Podfile.lock",
				"${PODS_ROOT}/Manifest.lock",
			);
			name = "[CP] Check Pods Manifest.lock";
			outputFileListPaths = (
			);
			outputPaths = (
				"$(DERIVED_FILE_DIR)/Pods-Flight TrackerTests-checkManifestLockResult.txt",
			);
			runOnlyForDeploymentPostprocessing = 0;
			shellPath = /bin/sh;
			shellScript = "diff \"${PODS_PODFILE_DIR_PATH}/Podfile.lock\" \"${PODS_ROOT}/Manifest.lock\" > /dev/null\nif [ $? != 0 ] ; then\n    # print error to STDERR\n    echo \"error: The sandbox is not in sync with the Podfile.lock. Run 'pod install' or update your CocoaPods installation.\" >&2\n    exit 1\nfi\n# This output is used by Xcode 'outputs' to avoid re-running this script phase.\necho \"SUCCESS\" > \"${SCRIPT_OUTPUT_FILE_0}\"\n";
			showEnvVarsInLog = 0;
		};
/* End PBXShellScriptBuildPhase section */

/* Begin PBXSourcesBuildPhase section */
		D04195CE235AC89A00714A72 /* Sources */ = {
			isa = PBXSourcesBuildPhase;
			buildActionMask = 2147483647;
			files = (
				D0419621235AE72500714A72 /* Airport.swift in Sources */,
				D04195DA235AC89A00714A72 /* ViewController.swift in Sources */,
				D041961D235AE65A00714A72 /* Flight.swift in Sources */,
				D04195D6235AC89A00714A72 /* AppDelegate.swift in Sources */,
				D0419614235AE43A00714A72 /* Files.swift in Sources */,
			);
			runOnlyForDeploymentPostprocessing = 0;
		};
		D04195E4235AC89D00714A72 /* Sources */ = {
			isa = PBXSourcesBuildPhase;
			buildActionMask = 2147483647;
			files = (
				D04195ED235AC89D00714A72 /* Flight_TrackerTests.swift in Sources */,
			);
			runOnlyForDeploymentPostprocessing = 0;
		};
		D04195EF235AC89D00714A72 /* Sources */ = {
			isa = PBXSourcesBuildPhase;
			buildActionMask = 2147483647;
			files = (
				D04195F8235AC89D00714A72 /* Flight_TrackerUITests.swift in Sources */,
			);
			runOnlyForDeploymentPostprocessing = 0;
		};
/* End PBXSourcesBuildPhase section */

/* Begin PBXTargetDependency section */
		D04195EA235AC89D00714A72 /* PBXTargetDependency */ = {
			isa = PBXTargetDependency;
			target = D04195D1235AC89A00714A72 /* Flight Tracker */;
			targetProxy = D04195E9235AC89D00714A72 /* PBXContainerItemProxy */;
		};
		D04195F5235AC89D00714A72 /* PBXTargetDependency */ = {
			isa = PBXTargetDependency;
			target = D04195D1235AC89A00714A72 /* Flight Tracker */;
			targetProxy = D04195F4235AC89D00714A72 /* PBXContainerItemProxy */;
		};
/* End PBXTargetDependency section */

/* Begin PBXVariantGroup section */
		D04195DB235AC89A00714A72 /* Main.storyboard */ = {
			isa = PBXVariantGroup;
			children = (
				D04195DC235AC89A00714A72 /* Base */,
			);
			name = Main.storyboard;
			sourceTree = "<group>";
		};
		D04195E0235AC89D00714A72 /* LaunchScreen.storyboard */ = {
			isa = PBXVariantGroup;
			children = (
				D04195E1235AC89D00714A72 /* Base */,
			);
			name = LaunchScreen.storyboard;
			sourceTree = "<group>";
		};
/* End PBXVariantGroup section */

/* Begin XCBuildConfiguration section */
		D04195FA235AC89D00714A72 /* Debug */ = {
			isa = XCBuildConfiguration;
			buildSettings = {
				ALWAYS_SEARCH_USER_PATHS = NO;
				CLANG_ANALYZER_NONNULL = YES;
				CLANG_ANALYZER_NUMBER_OBJECT_CONVERSION = YES_AGGRESSIVE;
				CLANG_CXX_LANGUAGE_STANDARD = "gnu++14";
				CLANG_CXX_LIBRARY = "libc++";
				CLANG_ENABLE_MODULES = YES;
				CLANG_ENABLE_OBJC_ARC = YES;
				CLANG_ENABLE_OBJC_WEAK = YES;
				CLANG_WARN_BLOCK_CAPTURE_AUTORELEASING = YES;
				CLANG_WARN_BOOL_CONVERSION = YES;
				CLANG_WARN_COMMA = YES;
				CLANG_WARN_CONSTANT_CONVERSION = YES;
				CLANG_WARN_DEPRECATED_OBJC_IMPLEMENTATIONS = YES;
				CLANG_WARN_DIRECT_OBJC_ISA_USAGE = YES_ERROR;
				CLANG_WARN_DOCUMENTATION_COMMENTS = YES;
				CLANG_WARN_EMPTY_BODY = YES;
				CLANG_WARN_ENUM_CONVERSION = YES;
				CLANG_WARN_INFINITE_RECURSION = YES;
				CLANG_WARN_INT_CONVERSION = YES;
				CLANG_WARN_NON_LITERAL_NULL_CONVERSION = YES;
				CLANG_WARN_OBJC_IMPLICIT_RETAIN_SELF = YES;
				CLANG_WARN_OBJC_LITERAL_CONVERSION = YES;
				CLANG_WARN_OBJC_ROOT_CLASS = YES_ERROR;
				CLANG_WARN_RANGE_LOOP_ANALYSIS = YES;
				CLANG_WARN_STRICT_PROTOTYPES = YES;
				CLANG_WARN_SUSPICIOUS_MOVE = YES;
				CLANG_WARN_UNGUARDED_AVAILABILITY = YES_AGGRESSIVE;
				CLANG_WARN_UNREACHABLE_CODE = YES;
				CLANG_WARN__DUPLICATE_METHOD_MATCH = YES;
				COPY_PHASE_STRIP = NO;
				DEBUG_INFORMATION_FORMAT = dwarf;
				ENABLE_STRICT_OBJC_MSGSEND = YES;
				ENABLE_TESTABILITY = YES;
				GCC_C_LANGUAGE_STANDARD = gnu11;
				GCC_DYNAMIC_NO_PIC = NO;
				GCC_NO_COMMON_BLOCKS = YES;
				GCC_OPTIMIZATION_LEVEL = 0;
				GCC_PREPROCESSOR_DEFINITIONS = (
					"DEBUG=1",
					"$(inherited)",
				);
				GCC_WARN_64_TO_32_BIT_CONVERSION = YES;
				GCC_WARN_ABOUT_RETURN_TYPE = YES_ERROR;
				GCC_WARN_UNDECLARED_SELECTOR = YES;
				GCC_WARN_UNINITIALIZED_AUTOS = YES_AGGRESSIVE;
				GCC_WARN_UNUSED_FUNCTION = YES;
				GCC_WARN_UNUSED_VARIABLE = YES;
				IPHONEOS_DEPLOYMENT_TARGET = 13.1;
				MTL_ENABLE_DEBUG_INFO = INCLUDE_SOURCE;
				MTL_FAST_MATH = YES;
				ONLY_ACTIVE_ARCH = YES;
				SDKROOT = iphoneos;
				SWIFT_ACTIVE_COMPILATION_CONDITIONS = DEBUG;
				SWIFT_OPTIMIZATION_LEVEL = "-Onone";
			};
			name = Debug;
		};
		D04195FB235AC89D00714A72 /* Release */ = {
			isa = XCBuildConfiguration;
			buildSettings = {
				ALWAYS_SEARCH_USER_PATHS = NO;
				CLANG_ANALYZER_NONNULL = YES;
				CLANG_ANALYZER_NUMBER_OBJECT_CONVERSION = YES_AGGRESSIVE;
				CLANG_CXX_LANGUAGE_STANDARD = "gnu++14";
				CLANG_CXX_LIBRARY = "libc++";
				CLANG_ENABLE_MODULES = YES;
				CLANG_ENABLE_OBJC_ARC = YES;
				CLANG_ENABLE_OBJC_WEAK = YES;
				CLANG_WARN_BLOCK_CAPTURE_AUTORELEASING = YES;
				CLANG_WARN_BOOL_CONVERSION = YES;
				CLANG_WARN_COMMA = YES;
				CLANG_WARN_CONSTANT_CONVERSION = YES;
				CLANG_WARN_DEPRECATED_OBJC_IMPLEMENTATIONS = YES;
				CLANG_WARN_DIRECT_OBJC_ISA_USAGE = YES_ERROR;
				CLANG_WARN_DOCUMENTATION_COMMENTS = YES;
				CLANG_WARN_EMPTY_BODY = YES;
				CLANG_WARN_ENUM_CONVERSION = YES;
				CLANG_WARN_INFINITE_RECURSION = YES;
				CLANG_WARN_INT_CONVERSION = YES;
				CLANG_WARN_NON_LITERAL_NULL_CONVERSION = YES;
				CLANG_WARN_OBJC_IMPLICIT_RETAIN_SELF = YES;
				CLANG_WARN_OBJC_LITERAL_CONVERSION = YES;
				CLANG_WARN_OBJC_ROOT_CLASS = YES_ERROR;
				CLANG_WARN_RANGE_LOOP_ANALYSIS = YES;
				CLANG_WARN_STRICT_PROTOTYPES = YES;
				CLANG_WARN_SUSPICIOUS_MOVE = YES;
				CLANG_WARN_UNGUARDED_AVAILABILITY = YES_AGGRESSIVE;
				CLANG_WARN_UNREACHABLE_CODE = YES;
				CLANG_WARN__DUPLICATE_METHOD_MATCH = YES;
				COPY_PHASE_STRIP = NO;
				DEBUG_INFORMATION_FORMAT = "dwarf-with-dsym";
				ENABLE_NS_ASSERTIONS = NO;
				ENABLE_STRICT_OBJC_MSGSEND = YES;
				GCC_C_LANGUAGE_STANDARD = gnu11;
				GCC_NO_COMMON_BLOCKS = YES;
				GCC_WARN_64_TO_32_BIT_CONVERSION = YES;
				GCC_WARN_ABOUT_RETURN_TYPE = YES_ERROR;
				GCC_WARN_UNDECLARED_SELECTOR = YES;
				GCC_WARN_UNINITIALIZED_AUTOS = YES_AGGRESSIVE;
				GCC_WARN_UNUSED_FUNCTION = YES;
				GCC_WARN_UNUSED_VARIABLE = YES;
				IPHONEOS_DEPLOYMENT_TARGET = 13.1;
				MTL_ENABLE_DEBUG_INFO = NO;
				MTL_FAST_MATH = YES;
				SDKROOT = iphoneos;
				SWIFT_COMPILATION_MODE = wholemodule;
				SWIFT_OPTIMIZATION_LEVEL = "-O";
				VALIDATE_PRODUCT = YES;
			};
			name = Release;
		};
		D04195FD235AC89D00714A72 /* Debug */ = {
			isa = XCBuildConfiguration;
			baseConfigurationReference = FEAFF393AED3AAEE8B7A9C47 /* Pods-Flight Tracker.debug.xcconfig */;
			buildSettings = {
				ASSETCATALOG_COMPILER_APPICON_NAME = AppIcon;
				CODE_SIGN_STYLE = Automatic;
				DEVELOPMENT_TEAM = 4N252H9C76;
				INFOPLIST_FILE = "Flight Tracker/Info.plist";
				LD_RUNPATH_SEARCH_PATHS = (
					"$(inherited)",
					"@executable_path/Frameworks",
				);
				PRODUCT_BUNDLE_IDENTIFIER = "max.hubbard.Flight-Tracker";
				PRODUCT_NAME = "$(TARGET_NAME)";
				SWIFT_VERSION = 5.0;
				TARGETED_DEVICE_FAMILY = "1,2";
			};
			name = Debug;
		};
		D04195FE235AC89D00714A72 /* Release */ = {
			isa = XCBuildConfiguration;
			baseConfigurationReference = 4E069BFD47875A2298CAF2DE /* Pods-Flight Tracker.release.xcconfig */;
			buildSettings = {
				ASSETCATALOG_COMPILER_APPICON_NAME = AppIcon;
				CODE_SIGN_STYLE = Automatic;
				DEVELOPMENT_TEAM = 4N252H9C76;
				INFOPLIST_FILE = "Flight Tracker/Info.plist";
				LD_RUNPATH_SEARCH_PATHS = (
					"$(inherited)",
					"@executable_path/Frameworks",
				);
				PRODUCT_BUNDLE_IDENTIFIER = "max.hubbard.Flight-Tracker";
				PRODUCT_NAME = "$(TARGET_NAME)";
				SWIFT_VERSION = 5.0;
				TARGETED_DEVICE_FAMILY = "1,2";
			};
			name = Release;
		};
		D0419600235AC89D00714A72 /* Debug */ = {
			isa = XCBuildConfiguration;
			baseConfigurationReference = D78E72B63A3CB74DEAD5787D /* Pods-Flight TrackerTests.debug.xcconfig */;
			buildSettings = {
				ALWAYS_EMBED_SWIFT_STANDARD_LIBRARIES = YES;
				BUNDLE_LOADER = "$(TEST_HOST)";
				CODE_SIGN_STYLE = Automatic;
				DEVELOPMENT_TEAM = 4N252H9C76;
				INFOPLIST_FILE = "Flight TrackerTests/Info.plist";
				IPHONEOS_DEPLOYMENT_TARGET = 13.1;
				LD_RUNPATH_SEARCH_PATHS = (
					"$(inherited)",
					"@executable_path/Frameworks",
					"@loader_path/Frameworks",
				);
				PRODUCT_BUNDLE_IDENTIFIER = "max.hubbard.Flight-TrackerTests";
				PRODUCT_NAME = "$(TARGET_NAME)";
				SWIFT_VERSION = 5.0;
				TARGETED_DEVICE_FAMILY = "1,2";
				TEST_HOST = "$(BUILT_PRODUCTS_DIR)/Flight Tracker.app/Flight Tracker";
			};
			name = Debug;
		};
		D0419601235AC89D00714A72 /* Release */ = {
			isa = XCBuildConfiguration;
			baseConfigurationReference = 6EA4E60B2981D459D9A58DB8 /* Pods-Flight TrackerTests.release.xcconfig */;
			buildSettings = {
				ALWAYS_EMBED_SWIFT_STANDARD_LIBRARIES = YES;
				BUNDLE_LOADER = "$(TEST_HOST)";
				CODE_SIGN_STYLE = Automatic;
				DEVELOPMENT_TEAM = 4N252H9C76;
				INFOPLIST_FILE = "Flight TrackerTests/Info.plist";
				IPHONEOS_DEPLOYMENT_TARGET = 13.1;
				LD_RUNPATH_SEARCH_PATHS = (
					"$(inherited)",
					"@executable_path/Frameworks",
					"@loader_path/Frameworks",
				);
				PRODUCT_BUNDLE_IDENTIFIER = "max.hubbard.Flight-TrackerTests";
				PRODUCT_NAME = "$(TARGET_NAME)";
				SWIFT_VERSION = 5.0;
				TARGETED_DEVICE_FAMILY = "1,2";
				TEST_HOST = "$(BUILT_PRODUCTS_DIR)/Flight Tracker.app/Flight Tracker";
			};
			name = Release;
		};
		D0419603235AC89D00714A72 /* Debug */ = {
			isa = XCBuildConfiguration;
			baseConfigurationReference = 25CEC7F962FC13DC839E2469 /* Pods-Flight Tracker-Flight TrackerUITests.debug.xcconfig */;
			buildSettings = {
				ALWAYS_EMBED_SWIFT_STANDARD_LIBRARIES = YES;
				CODE_SIGN_STYLE = Automatic;
				DEVELOPMENT_TEAM = 4N252H9C76;
				INFOPLIST_FILE = "Flight TrackerUITests/Info.plist";
				LD_RUNPATH_SEARCH_PATHS = (
					"$(inherited)",
					"@executable_path/Frameworks",
					"@loader_path/Frameworks",
				);
				PRODUCT_BUNDLE_IDENTIFIER = "max.hubbard.Flight-TrackerUITests";
				PRODUCT_NAME = "$(TARGET_NAME)";
				SWIFT_VERSION = 5.0;
				TARGETED_DEVICE_FAMILY = "1,2";
				TEST_TARGET_NAME = "Flight Tracker";
			};
			name = Debug;
		};
		D0419604235AC89D00714A72 /* Release */ = {
			isa = XCBuildConfiguration;
			baseConfigurationReference = 1D2916A558DFF75E36E91B14 /* Pods-Flight Tracker-Flight TrackerUITests.release.xcconfig */;
			buildSettings = {
				ALWAYS_EMBED_SWIFT_STANDARD_LIBRARIES = YES;
				CODE_SIGN_STYLE = Automatic;
				DEVELOPMENT_TEAM = 4N252H9C76;
				INFOPLIST_FILE = "Flight TrackerUITests/Info.plist";
				LD_RUNPATH_SEARCH_PATHS = (
					"$(inherited)",
					"@executable_path/Frameworks",
					"@loader_path/Frameworks",
				);
				PRODUCT_BUNDLE_IDENTIFIER = "max.hubbard.Flight-TrackerUITests";
				PRODUCT_NAME = "$(TARGET_NAME)";
				SWIFT_VERSION = 5.0;
				TARGETED_DEVICE_FAMILY = "1,2";
				TEST_TARGET_NAME = "Flight Tracker";
			};
			name = Release;
		};
/* End XCBuildConfiguration section */

/* Begin XCConfigurationList section */
		D04195CD235AC89A00714A72 /* Build configuration list for PBXProject "Flight Tracker" */ = {
			isa = XCConfigurationList;
			buildConfigurations = (
				D04195FA235AC89D00714A72 /* Debug */,
				D04195FB235AC89D00714A72 /* Release */,
			);
			defaultConfigurationIsVisible = 0;
			defaultConfigurationName = Release;
		};
		D04195FC235AC89D00714A72 /* Build configuration list for PBXNativeTarget "Flight Tracker" */ = {
			isa = XCConfigurationList;
			buildConfigurations = (
				D04195FD235AC89D00714A72 /* Debug */,
				D04195FE235AC89D00714A72 /* Release */,
			);
			defaultConfigurationIsVisible = 0;
			defaultConfigurationName = Release;
		};
		D04195FF235AC89D00714A72 /* Build configuration list for PBXNativeTarget "Flight TrackerTests" */ = {
			isa = XCConfigurationList;
			buildConfigurations = (
				D0419600235AC89D00714A72 /* Debug */,
				D0419601235AC89D00714A72 /* Release */,
			);
			defaultConfigurationIsVisible = 0;
			defaultConfigurationName = Release;
		};
		D0419602235AC89D00714A72 /* Build configuration list for PBXNativeTarget "Flight TrackerUITests" */ = {
			isa = XCConfigurationList;
			buildConfigurations = (
				D0419603235AC89D00714A72 /* Debug */,
				D0419604235AC89D00714A72 /* Release */,
			);
			defaultConfigurationIsVisible = 0;
			defaultConfigurationName = Release;
		};
/* End XCConfigurationList section */
	};
	rootObject = D04195CA235AC89A00714A72 /* Project object */;
}
